// !$*UTF8*$!
{
	archiveVersion = 1;
	classes = {
	};
	objectVersion = 46;
	objects = {

/* Begin PBXBuildFile section */
		6941CC9728082955FBC5ABAA /* libPods.a in Frameworks */ = {isa = PBXBuildFile; fileRef = B6005EBFAFF948711560DAE8 /* libPods.a */; };
		862DC22E1AFA9CFB004CCBC8 /* AppDelegate.m in Sources */ = {isa = PBXBuildFile; fileRef = 862DC2251AFA9CFB004CCBC8 /* AppDelegate.m */; };
		862DC22F1AFA9CFB004CCBC8 /* Images.xcassets in Resources */ = {isa = PBXBuildFile; fileRef = 862DC2271AFA9CFB004CCBC8 /* Images.xcassets */; };
		862DC2301AFA9CFB004CCBC8 /* LaunchScreen.xib in Resources */ = {isa = PBXBuildFile; fileRef = 862DC2291AFA9CFB004CCBC8 /* LaunchScreen.xib */; };
		862DC2311AFA9CFB004CCBC8 /* Info.plist in Resources */ = {isa = PBXBuildFile; fileRef = 862DC22C1AFA9CFB004CCBC8 /* Info.plist */; };
		862DC2321AFA9CFB004CCBC8 /* main.m in Sources */ = {isa = PBXBuildFile; fileRef = 862DC22D1AFA9CFB004CCBC8 /* main.m */; };
		862DC2421AFE4274004CCBC8 /* DRNRoomListViewController.m in Sources */ = {isa = PBXBuildFile; fileRef = 862DC2411AFE4274004CCBC8 /* DRNRoomListViewController.m */; };
		862DC2461AFE438F004CCBC8 /* DRNRoomListNavigationController.m in Sources */ = {isa = PBXBuildFile; fileRef = 862DC2451AFE438F004CCBC8 /* DRNRoomListNavigationController.m */; };
		862DC24B1AFE445E004CCBC8 /* DRNNetwork.m in Sources */ = {isa = PBXBuildFile; fileRef = 862DC24A1AFE445E004CCBC8 /* DRNNetwork.m */; };
		862DC24F1AFE4704004CCBC8 /* DRNRoom.m in Sources */ = {isa = PBXBuildFile; fileRef = 862DC24E1AFE4704004CCBC8 /* DRNRoom.m */; };
		862DC2531AFE4A76004CCBC8 /* DRNRoomCell.m in Sources */ = {isa = PBXBuildFile; fileRef = 862DC2521AFE4A76004CCBC8 /* DRNRoomCell.m */; };
		862DC2571AFE80BD004CCBC8 /* DRNRoomStatusViewController.m in Sources */ = {isa = PBXBuildFile; fileRef = 862DC2561AFE80BD004CCBC8 /* DRNRoomStatusViewController.m */; };
		8699D5F31B132E0C00AABEB9 /* DRNSeat.m in Sources */ = {isa = PBXBuildFile; fileRef = 8699D5F21B132E0C00AABEB9 /* DRNSeat.m */; };
		86DB040A1B08F65C00C776A4 /* map.json in Resources */ = {isa = PBXBuildFile; fileRef = 86DB04091B08F65C00C776A4 /* map.json */; };
		86F4F75A1B13871A00AB9DA0 /* DRNSeatLabel.m in Sources */ = {isa = PBXBuildFile; fileRef = 86F4F7591B13871A00AB9DA0 /* DRNSeatLabel.m */; };
/* End PBXBuildFile section */

/* Begin PBXFileReference section */
		1372A9DDE1DA1AA102013FDF /* Pods.debug.xcconfig */ = {isa = PBXFileReference; includeInIndex = 1; lastKnownFileType = text.xcconfig; name = Pods.debug.xcconfig; path = "Pods/Target Support Files/Pods/Pods.debug.xcconfig"; sourceTree = "<group>"; };
		296685054C41D4C2EB568BE7 /* Pods.release.xcconfig */ = {isa = PBXFileReference; includeInIndex = 1; lastKnownFileType = text.xcconfig; name = Pods.release.xcconfig; path = "Pods/Target Support Files/Pods/Pods.release.xcconfig"; sourceTree = "<group>"; };
		862DC2241AFA9CFB004CCBC8 /* AppDelegate.h */ = {isa = PBXFileReference; fileEncoding = 4; lastKnownFileType = sourcecode.c.h; path = AppDelegate.h; sourceTree = "<group>"; };
		862DC2251AFA9CFB004CCBC8 /* AppDelegate.m */ = {isa = PBXFileReference; fileEncoding = 4; lastKnownFileType = sourcecode.c.objc; path = AppDelegate.m; sourceTree = "<group>"; };
		862DC2271AFA9CFB004CCBC8 /* Images.xcassets */ = {isa = PBXFileReference; lastKnownFileType = folder.assetcatalog; path = Images.xcassets; sourceTree = "<group>"; };
		862DC22A1AFA9CFB004CCBC8 /* Base */ = {isa = PBXFileReference; lastKnownFileType = file.xib; name = Base; path = Base.lproj/LaunchScreen.xib; sourceTree = "<group>"; };
		862DC22C1AFA9CFB004CCBC8 /* Info.plist */ = {isa = PBXFileReference; fileEncoding = 4; lastKnownFileType = text.plist.xml; path = Info.plist; sourceTree = "<group>"; };
		862DC22D1AFA9CFB004CCBC8 /* main.m */ = {isa = PBXFileReference; fileEncoding = 4; lastKnownFileType = sourcecode.c.objc; path = main.m; sourceTree = "<group>"; };
		862DC2401AFE4274004CCBC8 /* DRNRoomListViewController.h */ = {isa = PBXFileReference; fileEncoding = 4; lastKnownFileType = sourcecode.c.h; path = DRNRoomListViewController.h; sourceTree = "<group>"; };
		862DC2411AFE4274004CCBC8 /* DRNRoomListViewController.m */ = {isa = PBXFileReference; fileEncoding = 4; lastKnownFileType = sourcecode.c.objc; path = DRNRoomListViewController.m; sourceTree = "<group>"; };
		862DC2441AFE438F004CCBC8 /* DRNRoomListNavigationController.h */ = {isa = PBXFileReference; fileEncoding = 4; lastKnownFileType = sourcecode.c.h; path = DRNRoomListNavigationController.h; sourceTree = "<group>"; };
		862DC2451AFE438F004CCBC8 /* DRNRoomListNavigationController.m */ = {isa = PBXFileReference; fileEncoding = 4; lastKnownFileType = sourcecode.c.objc; path = DRNRoomListNavigationController.m; sourceTree = "<group>"; };
		862DC2491AFE445E004CCBC8 /* DRNNetwork.h */ = {isa = PBXFileReference; fileEncoding = 4; lastKnownFileType = sourcecode.c.h; path = DRNNetwork.h; sourceTree = "<group>"; };
		862DC24A1AFE445E004CCBC8 /* DRNNetwork.m */ = {isa = PBXFileReference; fileEncoding = 4; lastKnownFileType = sourcecode.c.objc; path = DRNNetwork.m; sourceTree = "<group>"; };
		862DC24D1AFE4704004CCBC8 /* DRNRoom.h */ = {isa = PBXFileReference; fileEncoding = 4; lastKnownFileType = sourcecode.c.h; path = DRNRoom.h; sourceTree = "<group>"; };
		862DC24E1AFE4704004CCBC8 /* DRNRoom.m */ = {isa = PBXFileReference; fileEncoding = 4; lastKnownFileType = sourcecode.c.objc; path = DRNRoom.m; sourceTree = "<group>"; };
		862DC2511AFE4A76004CCBC8 /* DRNRoomCell.h */ = {isa = PBXFileReference; fileEncoding = 4; lastKnownFileType = sourcecode.c.h; path = DRNRoomCell.h; sourceTree = "<group>"; };
		862DC2521AFE4A76004CCBC8 /* DRNRoomCell.m */ = {isa = PBXFileReference; fileEncoding = 4; lastKnownFileType = sourcecode.c.objc; path = DRNRoomCell.m; sourceTree = "<group>"; };
		862DC2551AFE80BD004CCBC8 /* DRNRoomStatusViewController.h */ = {isa = PBXFileReference; fileEncoding = 4; lastKnownFileType = sourcecode.c.h; path = DRNRoomStatusViewController.h; sourceTree = "<group>"; };
		862DC2561AFE80BD004CCBC8 /* DRNRoomStatusViewController.m */ = {isa = PBXFileReference; fileEncoding = 4; lastKnownFileType = sourcecode.c.objc; path = DRNRoomStatusViewController.m; sourceTree = "<group>"; };
		8699D5F11B132E0C00AABEB9 /* DRNSeat.h */ = {isa = PBXFileReference; fileEncoding = 4; lastKnownFileType = sourcecode.c.h; path = DRNSeat.h; sourceTree = "<group>"; };
		8699D5F21B132E0C00AABEB9 /* DRNSeat.m */ = {isa = PBXFileReference; fileEncoding = 4; lastKnownFileType = sourcecode.c.objc; path = DRNSeat.m; sourceTree = "<group>"; };
		86DB04091B08F65C00C776A4 /* map.json */ = {isa = PBXFileReference; fileEncoding = 4; lastKnownFileType = text.json; path = map.json; sourceTree = "<group>"; };
		86F1038A1AFA9BA0001CFA7F /* DonggukLibrary.app */ = {isa = PBXFileReference; explicitFileType = wrapper.application; includeInIndex = 0; path = DonggukLibrary.app; sourceTree = BUILT_PRODUCTS_DIR; };
		86F4F7581B13871A00AB9DA0 /* DRNSeatLabel.h */ = {isa = PBXFileReference; fileEncoding = 4; lastKnownFileType = sourcecode.c.h; path = DRNSeatLabel.h; sourceTree = "<group>"; };
		86F4F7591B13871A00AB9DA0 /* DRNSeatLabel.m */ = {isa = PBXFileReference; fileEncoding = 4; lastKnownFileType = sourcecode.c.objc; path = DRNSeatLabel.m; sourceTree = "<group>"; };
		B6005EBFAFF948711560DAE8 /* libPods.a */ = {isa = PBXFileReference; explicitFileType = archive.ar; includeInIndex = 0; path = libPods.a; sourceTree = BUILT_PRODUCTS_DIR; };
/* End PBXFileReference section */

/* Begin PBXFrameworksBuildPhase section */
		86F103871AFA9B9F001CFA7F /* Frameworks */ = {
			isa = PBXFrameworksBuildPhase;
			buildActionMask = 2147483647;
			files = (
				6941CC9728082955FBC5ABAA /* libPods.a in Frameworks */,
			);
			runOnlyForDeploymentPostprocessing = 0;
		};
/* End PBXFrameworksBuildPhase section */

/* Begin PBXGroup section */
		0ED55C06FDA05BFEF43643E4 /* Pods */ = {
			isa = PBXGroup;
			children = (
				1372A9DDE1DA1AA102013FDF /* Pods.debug.xcconfig */,
				296685054C41D4C2EB568BE7 /* Pods.release.xcconfig */,
			);
			name = Pods;
			sourceTree = "<group>";
		};
		7E500F5DD95DC357EC54A3A2 /* Frameworks */ = {
			isa = PBXGroup;
			children = (
				B6005EBFAFF948711560DAE8 /* libPods.a */,
			);
			name = Frameworks;
			sourceTree = "<group>";
		};
		862DC2231AFA9CFB004CCBC8 /* app delegate */ = {
			isa = PBXGroup;
			children = (
				862DC2241AFA9CFB004CCBC8 /* AppDelegate.h */,
				862DC2251AFA9CFB004CCBC8 /* AppDelegate.m */,
			);
			path = "app delegate";
			sourceTree = "<group>";
		};
		862DC2261AFA9CFB004CCBC8 /* assets */ = {
			isa = PBXGroup;
			children = (
				862DC2271AFA9CFB004CCBC8 /* Images.xcassets */,
			);
			path = assets;
			sourceTree = "<group>";
		};
		862DC2281AFA9CFB004CCBC8 /* nibs */ = {
			isa = PBXGroup;
			children = (
				862DC2291AFA9CFB004CCBC8 /* LaunchScreen.xib */,
			);
			path = nibs;
			sourceTree = "<group>";
		};
		862DC22B1AFA9CFB004CCBC8 /* Supporting Files */ = {
			isa = PBXGroup;
			children = (
				86DB04091B08F65C00C776A4 /* map.json */,
				862DC22C1AFA9CFB004CCBC8 /* Info.plist */,
				862DC22D1AFA9CFB004CCBC8 /* main.m */,
			);
			path = "Supporting Files";
			sourceTree = "<group>";
		};
		862DC23F1AFE424F004CCBC8 /* room_list */ = {
			isa = PBXGroup;
			children = (
				862DC2431AFE437E004CCBC8 /* navigation */,
				862DC2501AFE4A69004CCBC8 /* cell */,
				862DC2401AFE4274004CCBC8 /* DRNRoomListViewController.h */,
				862DC2411AFE4274004CCBC8 /* DRNRoomListViewController.m */,
			);
			path = room_list;
			sourceTree = "<group>";
		};
		862DC2431AFE437E004CCBC8 /* navigation */ = {
			isa = PBXGroup;
			children = (
				862DC2441AFE438F004CCBC8 /* DRNRoomListNavigationController.h */,
				862DC2451AFE438F004CCBC8 /* DRNRoomListNavigationController.m */,
			);
			path = navigation;
			sourceTree = "<group>";
		};
		862DC2481AFE4457004CCBC8 /* utility */ = {
			isa = PBXGroup;
			children = (
				862DC2491AFE445E004CCBC8 /* DRNNetwork.h */,
				862DC24A1AFE445E004CCBC8 /* DRNNetwork.m */,
			);
			path = utility;
			sourceTree = "<group>";
		};
		862DC24C1AFE46FA004CCBC8 /* models */ = {
			isa = PBXGroup;
			children = (
				862DC24D1AFE4704004CCBC8 /* DRNRoom.h */,
				862DC24E1AFE4704004CCBC8 /* DRNRoom.m */,
				8699D5F11B132E0C00AABEB9 /* DRNSeat.h */,
				8699D5F21B132E0C00AABEB9 /* DRNSeat.m */,
			);
			path = models;
			sourceTree = "<group>";
		};
		862DC2501AFE4A69004CCBC8 /* cell */ = {
			isa = PBXGroup;
			children = (
				862DC2511AFE4A76004CCBC8 /* DRNRoomCell.h */,
				862DC2521AFE4A76004CCBC8 /* DRNRoomCell.m */,
			);
			path = cell;
			sourceTree = "<group>";
		};
		862DC2541AFE80B1004CCBC8 /* room_status */ = {
			isa = PBXGroup;
			children = (
				862DC2551AFE80BD004CCBC8 /* DRNRoomStatusViewController.h */,
				862DC2561AFE80BD004CCBC8 /* DRNRoomStatusViewController.m */,
			);
			path = room_status;
			sourceTree = "<group>";
		};
		86F103811AFA9B9F001CFA7F = {
			isa = PBXGroup;
			children = (
				86F1038C1AFA9BA0001CFA7F /* DonggukLibrary */,
				86F1038B1AFA9BA0001CFA7F /* Products */,
				0ED55C06FDA05BFEF43643E4 /* Pods */,
				7E500F5DD95DC357EC54A3A2 /* Frameworks */,
			);
			sourceTree = "<group>";
		};
		86F1038B1AFA9BA0001CFA7F /* Products */ = {
			isa = PBXGroup;
			children = (
				86F1038A1AFA9BA0001CFA7F /* DonggukLibrary.app */,
			);
			name = Products;
			sourceTree = "<group>";
		};
		86F1038C1AFA9BA0001CFA7F /* DonggukLibrary */ = {
			isa = PBXGroup;
			children = (
				862DC2231AFA9CFB004CCBC8 /* app delegate */,
				862DC2261AFA9CFB004CCBC8 /* assets */,
				862DC2281AFA9CFB004CCBC8 /* nibs */,
				862DC2481AFE4457004CCBC8 /* utility */,
				862DC24C1AFE46FA004CCBC8 /* models */,
				86F4F7571B1386FE00AB9DA0 /* views */,
				862DC23F1AFE424F004CCBC8 /* room_list */,
				862DC2541AFE80B1004CCBC8 /* room_status */,
				862DC22B1AFA9CFB004CCBC8 /* Supporting Files */,
			);
			path = DonggukLibrary;
			sourceTree = "<group>";
		};
		86F4F7571B1386FE00AB9DA0 /* views */ = {
			isa = PBXGroup;
			children = (
				86F4F7581B13871A00AB9DA0 /* DRNSeatLabel.h */,
				86F4F7591B13871A00AB9DA0 /* DRNSeatLabel.m */,
			);
			path = views;
			sourceTree = "<group>";
		};
/* End PBXGroup section */

/* Begin PBXNativeTarget section */
		86F103891AFA9B9F001CFA7F /* DonggukLibrary */ = {
			isa = PBXNativeTarget;
			buildConfigurationList = 86F103AD1AFA9BA0001CFA7F /* Build configuration list for PBXNativeTarget "DonggukLibrary" */;
			buildPhases = (
				D712E679276DE2BEDEE7A170 /* Check Pods Manifest.lock */,
				86F103861AFA9B9F001CFA7F /* Sources */,
				86F103871AFA9B9F001CFA7F /* Frameworks */,
				86F103881AFA9B9F001CFA7F /* Resources */,
				F56A93469F210333A2ACFFF5 /* Copy Pods Resources */,
			);
			buildRules = (
			);
			dependencies = (
			);
			name = DonggukLibrary;
			productName = DonggukLibrary;
			productReference = 86F1038A1AFA9BA0001CFA7F /* DonggukLibrary.app */;
			productType = "com.apple.product-type.application";
		};
/* End PBXNativeTarget section */

/* Begin PBXProject section */
		86F103821AFA9B9F001CFA7F /* Project object */ = {
			isa = PBXProject;
			attributes = {
				LastUpgradeCheck = 0630;
				ORGANIZATIONNAME = USAIU;
				TargetAttributes = {
					86F103891AFA9B9F001CFA7F = {
						CreatedOnToolsVersion = 6.3.1;
					};
				};
			};
			buildConfigurationList = 86F103851AFA9B9F001CFA7F /* Build configuration list for PBXProject "DonggukLibrary" */;
			compatibilityVersion = "Xcode 3.2";
			developmentRegion = English;
			hasScannedForEncodings = 0;
			knownRegions = (
				en,
				Base,
			);
			mainGroup = 86F103811AFA9B9F001CFA7F;
			productRefGroup = 86F1038B1AFA9BA0001CFA7F /* Products */;
			projectDirPath = "";
			projectRoot = "";
			targets = (
				86F103891AFA9B9F001CFA7F /* DonggukLibrary */,
			);
		};
/* End PBXProject section */

/* Begin PBXResourcesBuildPhase section */
		86F103881AFA9B9F001CFA7F /* Resources */ = {
			isa = PBXResourcesBuildPhase;
			buildActionMask = 2147483647;
			files = (
				862DC2301AFA9CFB004CCBC8 /* LaunchScreen.xib in Resources */,
				862DC22F1AFA9CFB004CCBC8 /* Images.xcassets in Resources */,
				86DB040A1B08F65C00C776A4 /* map.json in Resources */,
				862DC2311AFA9CFB004CCBC8 /* Info.plist in Resources */,
			);
			runOnlyForDeploymentPostprocessing = 0;
		};
/* End PBXResourcesBuildPhase section */

/* Begin PBXShellScriptBuildPhase section */
		D712E679276DE2BEDEE7A170 /* Check Pods Manifest.lock */ = {
			isa = PBXShellScriptBuildPhase;
			buildActionMask = 2147483647;
			files = (
			);
			inputPaths = (
			);
			name = "Check Pods Manifest.lock";
			outputPaths = (
			);
			runOnlyForDeploymentPostprocessing = 0;
			shellPath = /bin/sh;
			shellScript = "diff \"${PODS_ROOT}/../Podfile.lock\" \"${PODS_ROOT}/Manifest.lock\" > /dev/null\nif [[ $? != 0 ]] ; then\n    cat << EOM\nerror: The sandbox is not in sync with the Podfile.lock. Run 'pod install' or update your CocoaPods installation.\nEOM\n    exit 1\nfi\n";
			showEnvVarsInLog = 0;
		};
		F56A93469F210333A2ACFFF5 /* Copy Pods Resources */ = {
			isa = PBXShellScriptBuildPhase;
			buildActionMask = 2147483647;
			files = (
			);
			inputPaths = (
			);
			name = "Copy Pods Resources";
			outputPaths = (
			);
			runOnlyForDeploymentPostprocessing = 0;
			shellPath = /bin/sh;
			shellScript = "\"${SRCROOT}/Pods/Target Support Files/Pods/Pods-resources.sh\"\n";
			showEnvVarsInLog = 0;
		};
/* End PBXShellScriptBuildPhase section */

/* Begin PBXSourcesBuildPhase section */
		86F103861AFA9B9F001CFA7F /* Sources */ = {
			isa = PBXSourcesBuildPhase;
			buildActionMask = 2147483647;
			files = (
				862DC2531AFE4A76004CCBC8 /* DRNRoomCell.m in Sources */,
				862DC2321AFA9CFB004CCBC8 /* main.m in Sources */,
				862DC2421AFE4274004CCBC8 /* DRNRoomListViewController.m in Sources */,
				8699D5F31B132E0C00AABEB9 /* DRNSeat.m in Sources */,
				862DC24B1AFE445E004CCBC8 /* DRNNetwork.m in Sources */,
				862DC2571AFE80BD004CCBC8 /* DRNRoomStatusViewController.m in Sources */,
				862DC24F1AFE4704004CCBC8 /* DRNRoom.m in Sources */,
				862DC22E1AFA9CFB004CCBC8 /* AppDelegate.m in Sources */,
				86F4F75A1B13871A00AB9DA0 /* DRNSeatLabel.m in Sources */,
				862DC2461AFE438F004CCBC8 /* DRNRoomListNavigationController.m in Sources */,
			);
			runOnlyForDeploymentPostprocessing = 0;
		};
/* End PBXSourcesBuildPhase section */

/* Begin PBXVariantGroup section */
		862DC2291AFA9CFB004CCBC8 /* LaunchScreen.xib */ = {
			isa = PBXVariantGroup;
			children = (
				862DC22A1AFA9CFB004CCBC8 /* Base */,
			);
			name = LaunchScreen.xib;
			sourceTree = "<group>";
		};
/* End PBXVariantGroup section */

/* Begin XCBuildConfiguration section */
		86F103AB1AFA9BA0001CFA7F /* Debug */ = {
			isa = XCBuildConfiguration;
			buildSettings = {
				ALWAYS_SEARCH_USER_PATHS = NO;
				CLANG_CXX_LANGUAGE_STANDARD = "gnu++0x";
				CLANG_CXX_LIBRARY = "libc++";
				CLANG_ENABLE_MODULES = YES;
				CLANG_ENABLE_OBJC_ARC = YES;
				CLANG_WARN_BOOL_CONVERSION = YES;
				CLANG_WARN_CONSTANT_CONVERSION = YES;
				CLANG_WARN_DIRECT_OBJC_ISA_USAGE = YES_ERROR;
				CLANG_WARN_EMPTY_BODY = YES;
				CLANG_WARN_ENUM_CONVERSION = YES;
				CLANG_WARN_INT_CONVERSION = YES;
				CLANG_WARN_OBJC_ROOT_CLASS = YES_ERROR;
				CLANG_WARN_UNREACHABLE_CODE = YES;
				CLANG_WARN__DUPLICATE_METHOD_MATCH = YES;
				"CODE_SIGN_IDENTITY[sdk=iphoneos*]" = "iPhone Developer";
				COPY_PHASE_STRIP = NO;
				DEBUG_INFORMATION_FORMAT = "dwarf-with-dsym";
				ENABLE_STRICT_OBJC_MSGSEND = YES;
				GCC_C_LANGUAGE_STANDARD = gnu99;
				GCC_DYNAMIC_NO_PIC = NO;
				GCC_NO_COMMON_BLOCKS = YES;
				GCC_OPTIMIZATION_LEVEL = 0;
				GCC_PREPROCESSOR_DEFINITIONS = (
					"DEBUG=1",
					"$(inherited)",
				);
				GCC_SYMBOLS_PRIVATE_EXTERN = NO;
				GCC_WARN_64_TO_32_BIT_CONVERSION = YES;
				GCC_WARN_ABOUT_RETURN_TYPE = YES_ERROR;
				GCC_WARN_UNDECLARED_SELECTOR = YES;
				GCC_WARN_UNINITIALIZED_AUTOS = YES_AGGRESSIVE;
				GCC_WARN_UNUSED_FUNCTION = YES;
				GCC_WARN_UNUSED_VARIABLE = YES;
				IPHONEOS_DEPLOYMENT_TARGET = 8.3;
				MTL_ENABLE_DEBUG_INFO = YES;
				ONLY_ACTIVE_ARCH = YES;
				SDKROOT = iphoneos;
			};
			name = Debug;
		};
		86F103AC1AFA9BA0001CFA7F /* Release */ = {
			isa = XCBuildConfiguration;
			buildSettings = {
				ALWAYS_SEARCH_USER_PATHS = NO;
				CLANG_CXX_LANGUAGE_STANDARD = "gnu++0x";
				CLANG_CXX_LIBRARY = "libc++";
				CLANG_ENABLE_MODULES = YES;
				CLANG_ENABLE_OBJC_ARC = YES;
				CLANG_WARN_BOOL_CONVERSION = YES;
				CLANG_WARN_CONSTANT_CONVERSION = YES;
				CLANG_WARN_DIRECT_OBJC_ISA_USAGE = YES_ERROR;
				CLANG_WARN_EMPTY_BODY = YES;
				CLANG_WARN_ENUM_CONVERSION = YES;
				CLANG_WARN_INT_CONVERSION = YES;
				CLANG_WARN_OBJC_ROOT_CLASS = YES_ERROR;
				CLANG_WARN_UNREACHABLE_CODE = YES;
				CLANG_WARN__DUPLICATE_METHOD_MATCH = YES;
				"CODE_SIGN_IDENTITY[sdk=iphoneos*]" = "iPhone Developer";
				COPY_PHASE_STRIP = NO;
				DEBUG_INFORMATION_FORMAT = "dwarf-with-dsym";
				ENABLE_NS_ASSERTIONS = NO;
				ENABLE_STRICT_OBJC_MSGSEND = YES;
				GCC_C_LANGUAGE_STANDARD = gnu99;
				GCC_NO_COMMON_BLOCKS = YES;
				GCC_WARN_64_TO_32_BIT_CONVERSION = YES;
				GCC_WARN_ABOUT_RETURN_TYPE = YES_ERROR;
				GCC_WARN_UNDECLARED_SELECTOR = YES;
				GCC_WARN_UNINITIALIZED_AUTOS = YES_AGGRESSIVE;
				GCC_WARN_UNUSED_FUNCTION = YES;
				GCC_WARN_UNUSED_VARIABLE = YES;
				IPHONEOS_DEPLOYMENT_TARGET = 8.3;
				MTL_ENABLE_DEBUG_INFO = NO;
				SDKROOT = iphoneos;
				VALIDATE_PRODUCT = YES;
			};
			name = Release;
		};
		86F103AE1AFA9BA0001CFA7F /* Debug */ = {
			isa = XCBuildConfiguration;
			baseConfigurationReference = 1372A9DDE1DA1AA102013FDF /* Pods.debug.xcconfig */;
			buildSettings = {
				ASSETCATALOG_COMPILER_APPICON_NAME = AppIcon;
				INFOPLIST_FILE = "$(SRCROOT)/DonggukLibrary/Supporting Files/Info.plist";
				LD_RUNPATH_SEARCH_PATHS = "$(inherited) @executable_path/Frameworks";
				PRODUCT_NAME = "$(TARGET_NAME)";
			};
			name = Debug;
		};
		86F103AF1AFA9BA0001CFA7F /* Release */ = {
			isa = XCBuildConfiguration;
			baseConfigurationReference = 296685054C41D4C2EB568BE7 /* Pods.release.xcconfig */;
			buildSettings = {
				ASSETCATALOG_COMPILER_APPICON_NAME = AppIcon;
				INFOPLIST_FILE = "$(SRCROOT)/DonggukLibrary/Supporting Files/Info.plist";
				LD_RUNPATH_SEARCH_PATHS = "$(inherited) @executable_path/Frameworks";
				PRODUCT_NAME = "$(TARGET_NAME)";
			};
			name = Release;
		};
/* End XCBuildConfiguration section */

/* Begin XCConfigurationList section */
		86F103851AFA9B9F001CFA7F /* Build configuration list for PBXProject "DonggukLibrary" */ = {
			isa = XCConfigurationList;
			buildConfigurations = (
				86F103AB1AFA9BA0001CFA7F /* Debug */,
				86F103AC1AFA9BA0001CFA7F /* Release */,
			);
			defaultConfigurationIsVisible = 0;
			defaultConfigurationName = Release;
		};
		86F103AD1AFA9BA0001CFA7F /* Build configuration list for PBXNativeTarget "DonggukLibrary" */ = {
			isa = XCConfigurationList;
			buildConfigurations = (
				86F103AE1AFA9BA0001CFA7F /* Debug */,
				86F103AF1AFA9BA0001CFA7F /* Release */,
			);
			defaultConfigurationIsVisible = 0;
			defaultConfigurationName = Release;
		};
/* End XCConfigurationList section */
	};
	rootObject = 86F103821AFA9B9F001CFA7F /* Project object */;
}
